set_location_assignment PIN_P11 -to clk
set_instance_assignment -name IO_STANDARD "3.3-V LVTTL" -to clk
set_location_assignment PIN_B8 -to bt_clear
set_instance_assignment -name IO_STANDARD "3.3-V LVTTL" -to bt_clear
set_location_assignment PIN_A7 -to bt_adv
set_instance_assignment -name IO_STANDARD "3.3-V LVTTL" -to bt_adv
set_location_assignment PIN_C10 -to sw[0]
set_instance_assignment -name IO_STANDARD "3.3-V LVTTL" -to sw[0]
set_location_assignment PIN_C11 -to sw[1]
set_instance_assignment -name IO_STANDARD "3.3-V LVTTL" -to sw[1]
set_location_assignment PIN_D12 -to sw[2]
set_instance_assignment -name IO_STANDARD "3.3-V LVTTL" -to sw[2]
set_location_assignment PIN_C12 -to sw[3]
set_instance_assignment -name IO_STANDARD "3.3-V LVTTL" -to sw[3]
set_location_assignment PIN_A12 -to sw[4]
set_instance_assignment -name IO_STANDARD "3.3-V LVTTL" -to sw[4]
set_location_assignment PIN_B12 -to sw[5]
set_instance_assignment -name IO_STANDARD "3.3-V LVTTL" -to sw[5]
set_location_assignment PIN_E13 -to sw[6]
set_instance_assignment -name IO_STANDARD "3.3-V LVTTL" -to sw[6]
set_location_assignment PIN_C13 -to sw[7]
set_instance_assignment -name IO_STANDARD "3.3-V LVTTL" -to sw[7]
set_location_assignment PIN_D13 -to sw[8]
set_instance_assignment -name IO_STANDARD "3.3-V LVTTL" -to sw[8]
set_location_assignment PIN_A14 -to sw[9]
set_instance_assignment -name IO_STANDARD "3.3-V LVTTL" -to sw[9]
set_location_assignment PIN_A8 -to ledr[0]
set_location_assignment PIN_A9 -to ledr[1]
set_location_assignment PIN_A10 -to ledr[2]
set_location_assignment PIN_B10 -to ledr[3]
set_location_assignment PIN_D13 -to ledr[4]
set_location_assignment PIN_C13 -to ledr[5]
set_location_assignment PIN_E14 -to ledr[6]
set_location_assignment PIN_D14 -to ledr[7]
set_location_assignment PIN_A11 -to ledr[8]
set_location_assignment PIN_B11 -to ledr[9]
set_instance_assignment -name IO_STANDARD "3.3-V LVTTL" -to ledr*
set_location_assignment PIN_C14 -to hex0[0]
set_location_assignment PIN_E15 -to hex0[1]
set_location_assignment PIN_C15 -to hex0[2]
set_location_assignment PIN_C16 -to hex0[3]
set_location_assignment PIN_E16 -to hex0[4]
set_location_assignment PIN_D17 -to hex0[5]
set_location_assignment PIN_C17 -to hex0[6]
set_location_assignment PIN_D15 -to hex0[7]
set_instance_assignment -name IO_STANDARD "3.3-V LVTTL" -to hex0*
set_location_assignment PIN_C18 -to hex1[0]
set_location_assignment PIN_D18 -to hex1[1]
set_location_assignment PIN_E18 -to hex1[2]
set_location_assignment PIN_B16 -to hex1[3]
set_location_assignment PIN_A17 -to hex1[4]
set_location_assignment PIN_A18 -to hex1[5]
set_location_assignment PIN_B17 -to hex1[6]
set_location_assignment PIN_A16 -to hex1[7]
set_instance_assignment -name IO_STANDARD "3.3-V LVTTL" -to hex1*
set_location_assignment PIN_B20 -to hex2[0]
set_location_assignment PIN_A20 -to hex2[1]
set_location_assignment PIN_B19 -to hex2[2]
set_location_assignment PIN_A21 -to hex2[3]
set_location_assignment PIN_B21 -to hex2[4]
set_location_assignment PIN_C22 -to hex2[5]
set_location_assignment PIN_B22 -to hex2[6]
set_location_assignment PIN_A19 -to hex2[7]
set_instance_assignment -name IO_STANDARD "3.3-V LVTTL" -to hex2*
set_location_assignment PIN_F21 -to hex3[0]
set_location_assignment PIN_E22 -to hex3[1]
set_location_assignment PIN_E21 -to hex3[2]
set_location_assignment PIN_C19 -to hex3[3]
set_location_assignment PIN_C20 -to hex3[4]
set_location_assignment PIN_D19 -to hex3[5]
set_location_assignment PIN_E17 -to hex3[6]
set_location_assignment PIN_D22 -to hex3[7]
set_instance_assignment -name IO_STANDARD "3.3-V LVTTL" -to hex3*
set_location_assignment PIN_F18 -to hex4[0]
set_location_assignment PIN_E20 -to hex4[1]
set_location_assignment PIN_E19 -to hex4[2]
set_location_assignment PIN_J18 -to hex4[3]
set_location_assignment PIN_H19 -to hex4[4]
set_location_assignment PIN_F19 -to hex4[5]
set_location_assignment PIN_F20 -to hex4[6]
set_location_assignment PIN_F17 -to hex4[7]
set_instance_assignment -name IO_STANDARD "3.3-V LVTTL" -to hex4*
set_location_assignment PIN_J20 -to hex5[0]
set_location_assignment PIN_K20 -to hex5[1]
set_location_assignment PIN_L18 -to hex5[2]
set_location_assignment PIN_N18 -to hex5[3]
set_location_assignment PIN_M20 -to hex5[4]
set_location_assignment PIN_N19 -to hex5[5]
set_location_assignment PIN_N20 -to hex5[6]
set_location_assignment PIN_L19 -to hex5[7]
set_instance_assignment -name IO_STANDARD "3.3-V LVTTL" -to hex5*
set_instance_assignment -name PARTITION_HIERARCHY root_partition -to | -section_id Top
set_global_assignment -name FAMILY "MAX 10"
set_global_assignment -name DEVICE 10M50DAF484C7G
set_global_assignment -name TOP_LEVEL_ENTITY top_fp_adder
set_global_assignment -name ORIGINAL_QUARTUS_VERSION 24.1STD.0
set_global_assignment -name PROJECT_CREATION_TIME_DATE "15:40:01  AUGUST 05, 2026"
set_global_assignment -name LAST_QUARTUS_VERSION "24.1std.0 Lite Edition"
set_global_assignment -name PROJECT_OUTPUT_DIRECTORY output_files
set_global_assignment -name MIN_CORE_JUNCTION_TEMP 0
set_global_assignment -name MAX_CORE_JUNCTION_TEMP 85
set_global_assignment -name ERROR_CHECK_FREQUENCY_DIVISOR 256
set_global_assignment -name EDA_SIMULATION_TOOL "Questa Intel FPGA (VHDL)"
set_global_assignment -name EDA_TIME_SCALE "1 ps" -section_id eda_simulation
set_global_assignment -name EDA_OUTPUT_DATA_FORMAT VHDL -section_id eda_simulation
set_global_assignment -name EDA_GENERATE_FUNCTIONAL_NETLIST OFF -section_id eda_board_design_timing
set_global_assignment -name EDA_GENERATE_FUNCTIONAL_NETLIST OFF -section_id eda_board_design_symbol
set_global_assignment -name EDA_GENERATE_FUNCTIONAL_NETLIST OFF -section_id eda_board_design_signal_integrity
set_global_assignment -name EDA_GENERATE_FUNCTIONAL_NETLIST OFF -section_id eda_board_design_boundary_scan
set_global_assignment -name PARTITION_NETLIST_TYPE SOURCE -section_id Top
set_global_assignment -name PARTITION_FITTER_PRESERVATION_LEVEL PLACEMENT_AND_ROUTING -section_id Top
set_global_assignment -name PARTITION_COLOR 16764057 -section_id Top
set_global_assignment -name VHDL_FILE ../../Downloads/top_fp_adder.vhd
set_global_assignment -name VHDL_FILE ../../Downloads/hex_to_sseg.vhd
set_global_assignment -name VHDL_FILE ../../Downloads/adder_unsigned.vhd
set_global_assignment -name POWER_PRESET_COOLING_SOLUTION "23 MM HEAT SINK WITH 200 LFPM AIRFLOW"
set_global_assignment -name POWER_BOARD_THERMAL_MODEL "NONE (CONSERVATIVE)"
